
Microsoft Visual Studio Solution File, Format Version 12.00
# Visual Studio Version 16
VisualStudioVersion = 16.0.30711.63
MinimumVisualStudioVersion = 10.0.40219.1
Project("{FAE04EC0-301F-11D3-BF4B-00C04F79EFBC}") = "Verti", "Verti\Verti.csproj", "{A79223E3-189A-49BE-9769-283D4D8B9DBF}"
EndProject
Global
	GlobalSection(SolutionConfigurationPlatforms) = preSolution
		Debug|Any CPU = Debug|Any CPU
		Release|Any CPU = Release|Any CPU
	EndGlobalSection
	GlobalSection(ProjectConfigurationPlatforms) = postSolution
		{A79223E3-189A-49BE-9769-283D4D8B9DBF}.Debug|Any CPU.ActiveCfg = Debug|Any CPU
		{A79223E3-189A-49BE-9769-283D4D8B9DBF}.Debug|Any CPU.Build.0 = Debug|Any CPU
		{A79223E3-189A-49BE-9769-283D4D8B9DBF}.Release|Any CPU.ActiveCfg = Release|Any CPU
		{A79223E3-189A-49BE-9769-283D4D8B9DBF}.Release|Any CPU.Build.0 = Release|Any CPU
	EndGlobalSection
	GlobalSection(SolutionProperties) = preSolution
		HideSolutionNode = FALSE
	EndGlobalSection
	GlobalSection(ExtensibilityGlobals) = postSolution
		SolutionGuid = {F8E0E16B-BD37-4B9C-8A6F-99FC39650B3D}
	EndGlobalSection
EndGlobal
